// !$*UTF8*$!
{
	archiveVersion = 1;
	classes = {
	};
	objectVersion = 50;
	objects = {

/* Begin PBXBuildFile section */
		1146DD6B2498F3F500415A10 /* FeedResponse.swift in Sources */ = {isa = PBXBuildFile; fileRef = 1146DD6A2498F3F500415A10 /* FeedResponse.swift */; };
		1146DD6D2498FC7600415A10 /* NetworkDataFetcher.swift in Sources */ = {isa = PBXBuildFile; fileRef = 1146DD6C2498FC7600415A10 /* NetworkDataFetcher.swift */; };
		1146DD7624993D7F00415A10 /* NewsfeedPresenter.swift in Sources */ = {isa = PBXBuildFile; fileRef = 1146DD6F24993D7F00415A10 /* NewsfeedPresenter.swift */; };
		1146DD7724993D7F00415A10 /* NewsfeedWorker.swift in Sources */ = {isa = PBXBuildFile; fileRef = 1146DD7024993D7F00415A10 /* NewsfeedWorker.swift */; };
		1146DD7824993D7F00415A10 /* NewsfeedRouter.swift in Sources */ = {isa = PBXBuildFile; fileRef = 1146DD7124993D7F00415A10 /* NewsfeedRouter.swift */; };
		1146DD7924993D7F00415A10 /* NewsfeedModels.swift in Sources */ = {isa = PBXBuildFile; fileRef = 1146DD7224993D7F00415A10 /* NewsfeedModels.swift */; };
		1146DD7A24993D7F00415A10 /* NewsfeedViewController.swift in Sources */ = {isa = PBXBuildFile; fileRef = 1146DD7324993D7F00415A10 /* NewsfeedViewController.swift */; };
		1146DD7B24993D7F00415A10 /* NewsfeedInteractor.swift in Sources */ = {isa = PBXBuildFile; fileRef = 1146DD7424993D7F00415A10 /* NewsfeedInteractor.swift */; };
		115811672497988D00FAA415 /* NetworkService.swift in Sources */ = {isa = PBXBuildFile; fileRef = 115811662497988D00FAA415 /* NetworkService.swift */; };
		11581169249798AE00FAA415 /* API.swift in Sources */ = {isa = PBXBuildFile; fileRef = 11581168249798AE00FAA415 /* API.swift */; };
		1159CC76249A493700E3F51F /* NewsfeedViewController.storyboard in Resources */ = {isa = PBXBuildFile; fileRef = 1159CC75249A493700E3F51F /* NewsfeedViewController.storyboard */; };
		1159CC79249A6F3A00E3F51F /* NewsfeedCell.swift in Sources */ = {isa = PBXBuildFile; fileRef = 1159CC78249A6F3A00E3F51F /* NewsfeedCell.swift */; };
		1159CC7B249A6F9700E3F51F /* NewsfeedCell.xib in Resources */ = {isa = PBXBuildFile; fileRef = 1159CC7A249A6F9700E3F51F /* NewsfeedCell.xib */; };
		11AAF97D2496459D00650EA2 /* VKSdkFramework.framework in Frameworks */ = {isa = PBXBuildFile; fileRef = 11AAF97C2496459D00650EA2 /* VKSdkFramework.framework */; };
		11AAF97E2496459D00650EA2 /* VKSdkFramework.framework in Embed Frameworks */ = {isa = PBXBuildFile; fileRef = 11AAF97C2496459D00650EA2 /* VKSdkFramework.framework */; settings = {ATTRIBUTES = (CodeSignOnCopy, RemoveHeadersOnCopy, ); }; };
		11AAF98124966F1C00650EA2 /* AuthService.swift in Sources */ = {isa = PBXBuildFile; fileRef = 11AAF98024966F1C00650EA2 /* AuthService.swift */; };
		11AAF9842496738E00650EA2 /* AuthViewController.storyboard in Resources */ = {isa = PBXBuildFile; fileRef = 11AAF9832496738E00650EA2 /* AuthViewController.storyboard */; };
		11AAF9862496A6B400650EA2 /* FeedViewController.swift in Sources */ = {isa = PBXBuildFile; fileRef = 11AAF9852496A6B400650EA2 /* FeedViewController.swift */; };
		11AAF9882496A6D800650EA2 /* FeedViewController.storyboard in Resources */ = {isa = PBXBuildFile; fileRef = 11AAF9872496A6D800650EA2 /* FeedViewController.storyboard */; };
		11D07C5924962ABE002C151D /* AppDelegate.swift in Sources */ = {isa = PBXBuildFile; fileRef = 11D07C5824962ABE002C151D /* AppDelegate.swift */; };
		11D07C5B24962ABE002C151D /* SceneDelegate.swift in Sources */ = {isa = PBXBuildFile; fileRef = 11D07C5A24962ABE002C151D /* SceneDelegate.swift */; };
		11D07C5D24962ABE002C151D /* AuthViewController.swift in Sources */ = {isa = PBXBuildFile; fileRef = 11D07C5C24962ABE002C151D /* AuthViewController.swift */; };
		11D07C6224962ABF002C151D /* Assets.xcassets in Resources */ = {isa = PBXBuildFile; fileRef = 11D07C6124962ABF002C151D /* Assets.xcassets */; };
		11D07C6524962ABF002C151D /* LaunchScreen.storyboard in Resources */ = {isa = PBXBuildFile; fileRef = 11D07C6324962ABF002C151D /* LaunchScreen.storyboard */; };
/* End PBXBuildFile section */

/* Begin PBXCopyFilesBuildPhase section */
		11AAF97F2496459D00650EA2 /* Embed Frameworks */ = {
			isa = PBXCopyFilesBuildPhase;
			buildActionMask = 2147483647;
			dstPath = "";
			dstSubfolderSpec = 10;
			files = (
				11AAF97E2496459D00650EA2 /* VKSdkFramework.framework in Embed Frameworks */,
			);
			name = "Embed Frameworks";
			runOnlyForDeploymentPostprocessing = 0;
		};
/* End PBXCopyFilesBuildPhase section */

/* Begin PBXFileReference section */
		1146DD6A2498F3F500415A10 /* FeedResponse.swift */ = {isa = PBXFileReference; lastKnownFileType = sourcecode.swift; path = FeedResponse.swift; sourceTree = "<group>"; };
		1146DD6C2498FC7600415A10 /* NetworkDataFetcher.swift */ = {isa = PBXFileReference; lastKnownFileType = sourcecode.swift; path = NetworkDataFetcher.swift; sourceTree = "<group>"; };
		1146DD6F24993D7F00415A10 /* NewsfeedPresenter.swift */ = {isa = PBXFileReference; lastKnownFileType = sourcecode.swift; path = NewsfeedPresenter.swift; sourceTree = "<group>"; };
		1146DD7024993D7F00415A10 /* NewsfeedWorker.swift */ = {isa = PBXFileReference; lastKnownFileType = sourcecode.swift; path = NewsfeedWorker.swift; sourceTree = "<group>"; };
		1146DD7124993D7F00415A10 /* NewsfeedRouter.swift */ = {isa = PBXFileReference; lastKnownFileType = sourcecode.swift; path = NewsfeedRouter.swift; sourceTree = "<group>"; };
		1146DD7224993D7F00415A10 /* NewsfeedModels.swift */ = {isa = PBXFileReference; lastKnownFileType = sourcecode.swift; path = NewsfeedModels.swift; sourceTree = "<group>"; };
		1146DD7324993D7F00415A10 /* NewsfeedViewController.swift */ = {isa = PBXFileReference; lastKnownFileType = sourcecode.swift; path = NewsfeedViewController.swift; sourceTree = "<group>"; };
		1146DD7424993D7F00415A10 /* NewsfeedInteractor.swift */ = {isa = PBXFileReference; lastKnownFileType = sourcecode.swift; path = NewsfeedInteractor.swift; sourceTree = "<group>"; };
		115811662497988D00FAA415 /* NetworkService.swift */ = {isa = PBXFileReference; lastKnownFileType = sourcecode.swift; path = NetworkService.swift; sourceTree = "<group>"; };
		11581168249798AE00FAA415 /* API.swift */ = {isa = PBXFileReference; lastKnownFileType = sourcecode.swift; path = API.swift; sourceTree = "<group>"; };
		1159CC75249A493700E3F51F /* NewsfeedViewController.storyboard */ = {isa = PBXFileReference; lastKnownFileType = file.storyboard; path = NewsfeedViewController.storyboard; sourceTree = "<group>"; };
		1159CC78249A6F3A00E3F51F /* NewsfeedCell.swift */ = {isa = PBXFileReference; lastKnownFileType = sourcecode.swift; path = NewsfeedCell.swift; sourceTree = "<group>"; };
		1159CC7A249A6F9700E3F51F /* NewsfeedCell.xib */ = {isa = PBXFileReference; lastKnownFileType = file.xib; path = NewsfeedCell.xib; sourceTree = "<group>"; };
		11AAF97C2496459D00650EA2 /* VKSdkFramework.framework */ = {isa = PBXFileReference; lastKnownFileType = wrapper.framework; name = VKSdkFramework.framework; path = Carthage/Build/iOS/VKSdkFramework.framework; sourceTree = "<group>"; };
		11AAF98024966F1C00650EA2 /* AuthService.swift */ = {isa = PBXFileReference; lastKnownFileType = sourcecode.swift; path = AuthService.swift; sourceTree = "<group>"; };
		11AAF9832496738E00650EA2 /* AuthViewController.storyboard */ = {isa = PBXFileReference; lastKnownFileType = file.storyboard; path = AuthViewController.storyboard; sourceTree = "<group>"; };
		11AAF9852496A6B400650EA2 /* FeedViewController.swift */ = {isa = PBXFileReference; lastKnownFileType = sourcecode.swift; path = FeedViewController.swift; sourceTree = "<group>"; };
		11AAF9872496A6D800650EA2 /* FeedViewController.storyboard */ = {isa = PBXFileReference; lastKnownFileType = file.storyboard; path = FeedViewController.storyboard; sourceTree = "<group>"; };
		11D07C5524962ABE002C151D /* VKNewsFeed.app */ = {isa = PBXFileReference; explicitFileType = wrapper.application; includeInIndex = 0; path = VKNewsFeed.app; sourceTree = BUILT_PRODUCTS_DIR; };
		11D07C5824962ABE002C151D /* AppDelegate.swift */ = {isa = PBXFileReference; lastKnownFileType = sourcecode.swift; path = AppDelegate.swift; sourceTree = "<group>"; };
		11D07C5A24962ABE002C151D /* SceneDelegate.swift */ = {isa = PBXFileReference; lastKnownFileType = sourcecode.swift; path = SceneDelegate.swift; sourceTree = "<group>"; };
		11D07C5C24962ABE002C151D /* AuthViewController.swift */ = {isa = PBXFileReference; lastKnownFileType = sourcecode.swift; path = AuthViewController.swift; sourceTree = "<group>"; };
		11D07C6124962ABF002C151D /* Assets.xcassets */ = {isa = PBXFileReference; lastKnownFileType = folder.assetcatalog; path = Assets.xcassets; sourceTree = "<group>"; };
		11D07C6424962ABF002C151D /* Base */ = {isa = PBXFileReference; lastKnownFileType = file.storyboard; name = Base; path = Base.lproj/LaunchScreen.storyboard; sourceTree = "<group>"; };
		11D07C6624962ABF002C151D /* Info.plist */ = {isa = PBXFileReference; lastKnownFileType = text.plist.xml; path = Info.plist; sourceTree = "<group>"; };
/* End PBXFileReference section */

/* Begin PBXFrameworksBuildPhase section */
		11D07C5224962ABE002C151D /* Frameworks */ = {
			isa = PBXFrameworksBuildPhase;
			buildActionMask = 2147483647;
			files = (
				11AAF97D2496459D00650EA2 /* VKSdkFramework.framework in Frameworks */,
			);
			runOnlyForDeploymentPostprocessing = 0;
		};
/* End PBXFrameworksBuildPhase section */

/* Begin PBXGroup section */
		1146DD692498F3D700415A10 /* Models */ = {
			isa = PBXGroup;
			children = (
				1146DD6A2498F3F500415A10 /* FeedResponse.swift */,
			);
			path = Models;
			sourceTree = "<group>";
		};
		1146DD6E24993D0400415A10 /* Newsfeed */ = {
			isa = PBXGroup;
			children = (
				1159CC77249A6F2300E3F51F /* Cell */,
				1159CC75249A493700E3F51F /* NewsfeedViewController.storyboard */,
				1146DD7324993D7F00415A10 /* NewsfeedViewController.swift */,
				1146DD7424993D7F00415A10 /* NewsfeedInteractor.swift */,
				1146DD6F24993D7F00415A10 /* NewsfeedPresenter.swift */,
				1146DD7224993D7F00415A10 /* NewsfeedModels.swift */,
				1146DD7024993D7F00415A10 /* NewsfeedWorker.swift */,
				1146DD7124993D7F00415A10 /* NewsfeedRouter.swift */,
			);
			path = Newsfeed;
			sourceTree = "<group>";
		};
		1159CC77249A6F2300E3F51F /* Cell */ = {
			isa = PBXGroup;
			children = (
				1159CC78249A6F3A00E3F51F /* NewsfeedCell.swift */,
				1159CC7A249A6F9700E3F51F /* NewsfeedCell.xib */,
			);
			path = Cell;
			sourceTree = "<group>";
		};
		11AAF97B2496459D00650EA2 /* Frameworks */ = {
			isa = PBXGroup;
			children = (
				11AAF97C2496459D00650EA2 /* VKSdkFramework.framework */,
			);
			name = Frameworks;
			sourceTree = "<group>";
		};
		11AAF98224966F2200650EA2 /* Services */ = {
			isa = PBXGroup;
			children = (
				1146DD692498F3D700415A10 /* Models */,
				11AAF98024966F1C00650EA2 /* AuthService.swift */,
				115811662497988D00FAA415 /* NetworkService.swift */,
				1146DD6C2498FC7600415A10 /* NetworkDataFetcher.swift */,
				11581168249798AE00FAA415 /* API.swift */,
			);
			path = Services;
			sourceTree = "<group>";
		};
		11AAF9892496A79D00650EA2 /* FeedViewController */ = {
			isa = PBXGroup;
			children = (
				11AAF9852496A6B400650EA2 /* FeedViewController.swift */,
				11AAF9872496A6D800650EA2 /* FeedViewController.storyboard */,
			);
			path = FeedViewController;
			sourceTree = "<group>";
		};
		11AAF98A2496A7B300650EA2 /* AuthViewController */ = {
			isa = PBXGroup;
			children = (
				11D07C5C24962ABE002C151D /* AuthViewController.swift */,
				11AAF9832496738E00650EA2 /* AuthViewController.storyboard */,
			);
			path = AuthViewController;
			sourceTree = "<group>";
		};
		11D07C4C24962ABE002C151D = {
			isa = PBXGroup;
			children = (
				11D07C5724962ABE002C151D /* VKNewsFeed */,
				11D07C5624962ABE002C151D /* Products */,
				11AAF97B2496459D00650EA2 /* Frameworks */,
			);
			sourceTree = "<group>";
		};
		11D07C5624962ABE002C151D /* Products */ = {
			isa = PBXGroup;
			children = (
				11D07C5524962ABE002C151D /* VKNewsFeed.app */,
			);
			name = Products;
			sourceTree = "<group>";
		};
		11D07C5724962ABE002C151D /* VKNewsFeed */ = {
			isa = PBXGroup;
			children = (
				11D07C5824962ABE002C151D /* AppDelegate.swift */,
				11D07C5A24962ABE002C151D /* SceneDelegate.swift */,
				1146DD6E24993D0400415A10 /* Newsfeed */,
				11AAF9892496A79D00650EA2 /* FeedViewController */,
				11AAF98A2496A7B300650EA2 /* AuthViewController */,
				11AAF98224966F2200650EA2 /* Services */,
				11D07C6124962ABF002C151D /* Assets.xcassets */,
				11D07C6324962ABF002C151D /* LaunchScreen.storyboard */,
				11D07C6624962ABF002C151D /* Info.plist */,
			);
			path = VKNewsFeed;
			sourceTree = "<group>";
		};
/* End PBXGroup section */

/* Begin PBXNativeTarget section */
		11D07C5424962ABE002C151D /* VKNewsFeed */ = {
			isa = PBXNativeTarget;
			buildConfigurationList = 11D07C6924962ABF002C151D /* Build configuration list for PBXNativeTarget "VKNewsFeed" */;
			buildPhases = (
				11D07C5124962ABE002C151D /* Sources */,
				11D07C5224962ABE002C151D /* Frameworks */,
				11D07C5324962ABE002C151D /* Resources */,
				11AAF97A249643FD00650EA2 /* ShellScript */,
				11AAF97F2496459D00650EA2 /* Embed Frameworks */,
			);
			buildRules = (
			);
			dependencies = (
			);
			name = VKNewsFeed;
			productName = VKNewsFeed;
			productReference = 11D07C5524962ABE002C151D /* VKNewsFeed.app */;
			productType = "com.apple.product-type.application";
		};
/* End PBXNativeTarget section */

/* Begin PBXProject section */
		11D07C4D24962ABE002C151D /* Project object */ = {
			isa = PBXProject;
			attributes = {
				LastSwiftUpdateCheck = 1150;
				LastUpgradeCheck = 1150;
				ORGANIZATIONNAME = "Никита";
				TargetAttributes = {
					11D07C5424962ABE002C151D = {
						CreatedOnToolsVersion = 11.5;
					};
				};
			};
			buildConfigurationList = 11D07C5024962ABE002C151D /* Build configuration list for PBXProject "VKNewsFeed" */;
			compatibilityVersion = "Xcode 9.3";
			developmentRegion = en;
			hasScannedForEncodings = 0;
			knownRegions = (
				en,
				Base,
			);
			mainGroup = 11D07C4C24962ABE002C151D;
			productRefGroup = 11D07C5624962ABE002C151D /* Products */;
			projectDirPath = "";
			projectRoot = "";
			targets = (
				11D07C5424962ABE002C151D /* VKNewsFeed */,
			);
		};
/* End PBXProject section */

/* Begin PBXResourcesBuildPhase section */
		11D07C5324962ABE002C151D /* Resources */ = {
			isa = PBXResourcesBuildPhase;
			buildActionMask = 2147483647;
			files = (
				11D07C6524962ABF002C151D /* LaunchScreen.storyboard in Resources */,
				11AAF9842496738E00650EA2 /* AuthViewController.storyboard in Resources */,
				1159CC76249A493700E3F51F /* NewsfeedViewController.storyboard in Resources */,
				11D07C6224962ABF002C151D /* Assets.xcassets in Resources */,
				1159CC7B249A6F9700E3F51F /* NewsfeedCell.xib in Resources */,
				11AAF9882496A6D800650EA2 /* FeedViewController.storyboard in Resources */,
			);
			runOnlyForDeploymentPostprocessing = 0;
		};
/* End PBXResourcesBuildPhase section */

/* Begin PBXShellScriptBuildPhase section */
		11AAF97A249643FD00650EA2 /* ShellScript */ = {
			isa = PBXShellScriptBuildPhase;
			buildActionMask = 2147483647;
			files = (
			);
			inputFileListPaths = (
			);
			inputPaths = (
				"$(SRCROOT)/Carthage/Build/iOS/VKSdkFramework.framework",
			);
			outputFileListPaths = (
			);
			outputPaths = (
			);
			runOnlyForDeploymentPostprocessing = 0;
			shellPath = /bin/sh;
			shellScript = "/usr/local/bin/carthage copy-frameworks\n";
		};
/* End PBXShellScriptBuildPhase section */

/* Begin PBXSourcesBuildPhase section */
		11D07C5124962ABE002C151D /* Sources */ = {
			isa = PBXSourcesBuildPhase;
			buildActionMask = 2147483647;
			files = (
				1146DD6B2498F3F500415A10 /* FeedResponse.swift in Sources */,
				1146DD7A24993D7F00415A10 /* NewsfeedViewController.swift in Sources */,
				11D07C5D24962ABE002C151D /* AuthViewController.swift in Sources */,
				11D07C5924962ABE002C151D /* AppDelegate.swift in Sources */,
				1146DD7624993D7F00415A10 /* NewsfeedPresenter.swift in Sources */,
				11AAF9862496A6B400650EA2 /* FeedViewController.swift in Sources */,
				1146DD7824993D7F00415A10 /* NewsfeedRouter.swift in Sources */,
				11D07C5B24962ABE002C151D /* SceneDelegate.swift in Sources */,
				115811672497988D00FAA415 /* NetworkService.swift in Sources */,
				1146DD7924993D7F00415A10 /* NewsfeedModels.swift in Sources */,
				1146DD6D2498FC7600415A10 /* NetworkDataFetcher.swift in Sources */,
				1146DD7724993D7F00415A10 /* NewsfeedWorker.swift in Sources */,
				11AAF98124966F1C00650EA2 /* AuthService.swift in Sources */,
				11581169249798AE00FAA415 /* API.swift in Sources */,
				1159CC79249A6F3A00E3F51F /* NewsfeedCell.swift in Sources */,
				1146DD7B24993D7F00415A10 /* NewsfeedInteractor.swift in Sources */,
			);
			runOnlyForDeploymentPostprocessing = 0;
		};
/* End PBXSourcesBuildPhase section */

/* Begin PBXVariantGroup section */
		11D07C6324962ABF002C151D /* LaunchScreen.storyboard */ = {
			isa = PBXVariantGroup;
			children = (
				11D07C6424962ABF002C151D /* Base */,
			);
			name = LaunchScreen.storyboard;
			sourceTree = "<group>";
		};
/* End PBXVariantGroup section */

/* Begin XCBuildConfiguration section */
		11D07C6724962ABF002C151D /* Debug */ = {
			isa = XCBuildConfiguration;
			buildSettings = {
				ALWAYS_SEARCH_USER_PATHS = NO;
				CLANG_ANALYZER_NONNULL = YES;
				CLANG_ANALYZER_NUMBER_OBJECT_CONVERSION = YES_AGGRESSIVE;
				CLANG_CXX_LANGUAGE_STANDARD = "gnu++14";
				CLANG_CXX_LIBRARY = "libc++";
				CLANG_ENABLE_MODULES = YES;
				CLANG_ENABLE_OBJC_ARC = YES;
				CLANG_ENABLE_OBJC_WEAK = YES;
				CLANG_WARN_BLOCK_CAPTURE_AUTORELEASING = YES;
				CLANG_WARN_BOOL_CONVERSION = YES;
				CLANG_WARN_COMMA = YES;
				CLANG_WARN_CONSTANT_CONVERSION = YES;
				CLANG_WARN_DEPRECATED_OBJC_IMPLEMENTATIONS = YES;
				CLANG_WARN_DIRECT_OBJC_ISA_USAGE = YES_ERROR;
				CLANG_WARN_DOCUMENTATION_COMMENTS = YES;
				CLANG_WARN_EMPTY_BODY = YES;
				CLANG_WARN_ENUM_CONVERSION = YES;
				CLANG_WARN_INFINITE_RECURSION = YES;
				CLANG_WARN_INT_CONVERSION = YES;
				CLANG_WARN_NON_LITERAL_NULL_CONVERSION = YES;
				CLANG_WARN_OBJC_IMPLICIT_RETAIN_SELF = YES;
				CLANG_WARN_OBJC_LITERAL_CONVERSION = YES;
				CLANG_WARN_OBJC_ROOT_CLASS = YES_ERROR;
				CLANG_WARN_RANGE_LOOP_ANALYSIS = YES;
				CLANG_WARN_STRICT_PROTOTYPES = YES;
				CLANG_WARN_SUSPICIOUS_MOVE = YES;
				CLANG_WARN_UNGUARDED_AVAILABILITY = YES_AGGRESSIVE;
				CLANG_WARN_UNREACHABLE_CODE = YES;
				CLANG_WARN__DUPLICATE_METHOD_MATCH = YES;
				COPY_PHASE_STRIP = NO;
				DEBUG_INFORMATION_FORMAT = dwarf;
				ENABLE_STRICT_OBJC_MSGSEND = YES;
				ENABLE_TESTABILITY = YES;
				GCC_C_LANGUAGE_STANDARD = gnu11;
				GCC_DYNAMIC_NO_PIC = NO;
				GCC_NO_COMMON_BLOCKS = YES;
				GCC_OPTIMIZATION_LEVEL = 0;
				GCC_PREPROCESSOR_DEFINITIONS = (
					"DEBUG=1",
					"$(inherited)",
				);
				GCC_WARN_64_TO_32_BIT_CONVERSION = YES;
				GCC_WARN_ABOUT_RETURN_TYPE = YES_ERROR;
				GCC_WARN_UNDECLARED_SELECTOR = YES;
				GCC_WARN_UNINITIALIZED_AUTOS = YES_AGGRESSIVE;
				GCC_WARN_UNUSED_FUNCTION = YES;
				GCC_WARN_UNUSED_VARIABLE = YES;
				IPHONEOS_DEPLOYMENT_TARGET = 13.5;
				MTL_ENABLE_DEBUG_INFO = INCLUDE_SOURCE;
				MTL_FAST_MATH = YES;
				ONLY_ACTIVE_ARCH = YES;
				SDKROOT = iphoneos;
				SWIFT_ACTIVE_COMPILATION_CONDITIONS = DEBUG;
				SWIFT_OPTIMIZATION_LEVEL = "-Onone";
			};
			name = Debug;
		};
		11D07C6824962ABF002C151D /* Release */ = {
			isa = XCBuildConfiguration;
			buildSettings = {
				ALWAYS_SEARCH_USER_PATHS = NO;
				CLANG_ANALYZER_NONNULL = YES;
				CLANG_ANALYZER_NUMBER_OBJECT_CONVERSION = YES_AGGRESSIVE;
				CLANG_CXX_LANGUAGE_STANDARD = "gnu++14";
				CLANG_CXX_LIBRARY = "libc++";
				CLANG_ENABLE_MODULES = YES;
				CLANG_ENABLE_OBJC_ARC = YES;
				CLANG_ENABLE_OBJC_WEAK = YES;
				CLANG_WARN_BLOCK_CAPTURE_AUTORELEASING = YES;
				CLANG_WARN_BOOL_CONVERSION = YES;
				CLANG_WARN_COMMA = YES;
				CLANG_WARN_CONSTANT_CONVERSION = YES;
				CLANG_WARN_DEPRECATED_OBJC_IMPLEMENTATIONS = YES;
				CLANG_WARN_DIRECT_OBJC_ISA_USAGE = YES_ERROR;
				CLANG_WARN_DOCUMENTATION_COMMENTS = YES;
				CLANG_WARN_EMPTY_BODY = YES;
				CLANG_WARN_ENUM_CONVERSION = YES;
				CLANG_WARN_INFINITE_RECURSION = YES;
				CLANG_WARN_INT_CONVERSION = YES;
				CLANG_WARN_NON_LITERAL_NULL_CONVERSION = YES;
				CLANG_WARN_OBJC_IMPLICIT_RETAIN_SELF = YES;
				CLANG_WARN_OBJC_LITERAL_CONVERSION = YES;
				CLANG_WARN_OBJC_ROOT_CLASS = YES_ERROR;
				CLANG_WARN_RANGE_LOOP_ANALYSIS = YES;
				CLANG_WARN_STRICT_PROTOTYPES = YES;
				CLANG_WARN_SUSPICIOUS_MOVE = YES;
				CLANG_WARN_UNGUARDED_AVAILABILITY = YES_AGGRESSIVE;
				CLANG_WARN_UNREACHABLE_CODE = YES;
				CLANG_WARN__DUPLICATE_METHOD_MATCH = YES;
				COPY_PHASE_STRIP = NO;
				DEBUG_INFORMATION_FORMAT = "dwarf-with-dsym";
				ENABLE_NS_ASSERTIONS = NO;
				ENABLE_STRICT_OBJC_MSGSEND = YES;
				GCC_C_LANGUAGE_STANDARD = gnu11;
				GCC_NO_COMMON_BLOCKS = YES;
				GCC_WARN_64_TO_32_BIT_CONVERSION = YES;
				GCC_WARN_ABOUT_RETURN_TYPE = YES_ERROR;
				GCC_WARN_UNDECLARED_SELECTOR = YES;
				GCC_WARN_UNINITIALIZED_AUTOS = YES_AGGRESSIVE;
				GCC_WARN_UNUSED_FUNCTION = YES;
				GCC_WARN_UNUSED_VARIABLE = YES;
				IPHONEOS_DEPLOYMENT_TARGET = 13.5;
				MTL_ENABLE_DEBUG_INFO = NO;
				MTL_FAST_MATH = YES;
				SDKROOT = iphoneos;
				SWIFT_COMPILATION_MODE = wholemodule;
				SWIFT_OPTIMIZATION_LEVEL = "-O";
				VALIDATE_PRODUCT = YES;
			};
			name = Release;
		};
		11D07C6A24962ABF002C151D /* Debug */ = {
			isa = XCBuildConfiguration;
			buildSettings = {
				ASSETCATALOG_COMPILER_APPICON_NAME = AppIcon;
				CODE_SIGN_STYLE = Automatic;
				DEVELOPMENT_TEAM = G4SCVQG9P5;
				FRAMEWORK_SEARCH_PATHS = (
					"$(inherited)",
					"$(PROJECT_DIR)/Carthage/Build/iOS",
				);
				INFOPLIST_FILE = VKNewsFeed/Info.plist;
				IPHONEOS_DEPLOYMENT_TARGET = 13.5;
				LD_RUNPATH_SEARCH_PATHS = (
					"$(inherited)",
					"@executable_path/Frameworks",
				);
				PRODUCT_BUNDLE_IDENTIFIER = com.NikitaKravtsov.VKNewsFeed;
				PRODUCT_NAME = "$(TARGET_NAME)";
				SWIFT_VERSION = 5.0;
				TARGETED_DEVICE_FAMILY = "1,2";
			};
			name = Debug;
		};
		11D07C6B24962ABF002C151D /* Release */ = {
			isa = XCBuildConfiguration;
			buildSettings = {
				ASSETCATALOG_COMPILER_APPICON_NAME = AppIcon;
				CODE_SIGN_STYLE = Automatic;
				DEVELOPMENT_TEAM = G4SCVQG9P5;
				FRAMEWORK_SEARCH_PATHS = (
					"$(inherited)",
					"$(PROJECT_DIR)/Carthage/Build/iOS",
				);
				INFOPLIST_FILE = VKNewsFeed/Info.plist;
				IPHONEOS_DEPLOYMENT_TARGET = 13.5;
				LD_RUNPATH_SEARCH_PATHS = (
					"$(inherited)",
					"@executable_path/Frameworks",
				);
				PRODUCT_BUNDLE_IDENTIFIER = com.NikitaKravtsov.VKNewsFeed;
				PRODUCT_NAME = "$(TARGET_NAME)";
				SWIFT_VERSION = 5.0;
				TARGETED_DEVICE_FAMILY = "1,2";
			};
			name = Release;
		};
/* End XCBuildConfiguration section */

/* Begin XCConfigurationList section */
		11D07C5024962ABE002C151D /* Build configuration list for PBXProject "VKNewsFeed" */ = {
			isa = XCConfigurationList;
			buildConfigurations = (
				11D07C6724962ABF002C151D /* Debug */,
				11D07C6824962ABF002C151D /* Release */,
			);
			defaultConfigurationIsVisible = 0;
			defaultConfigurationName = Release;
		};
		11D07C6924962ABF002C151D /* Build configuration list for PBXNativeTarget "VKNewsFeed" */ = {
			isa = XCConfigurationList;
			buildConfigurations = (
				11D07C6A24962ABF002C151D /* Debug */,
				11D07C6B24962ABF002C151D /* Release */,
			);
			defaultConfigurationIsVisible = 0;
			defaultConfigurationName = Release;
		};
/* End XCConfigurationList section */
	};
	rootObject = 11D07C4D24962ABE002C151D /* Project object */;
}
